
Microsoft Visual Studio Solution File, Format Version 12.00
# Visual Studio Version 17
VisualStudioVersion = 17.12.35728.132
MinimumVisualStudioVersion = 10.0.40219.1
Project("{FAE04EC0-301F-11D3-BF4B-00C04F79EFBC}") = "NetCoreAI.Project01_APIDemo", "NetCoreAI.Project01_APIDemo\NetCoreAI.Project01_APIDemo.csproj", "{56CFD42E-E256-4DF4-83A5-3E6EE2C6BAC8}"
EndProject
Project("{FAE04EC0-301F-11D3-BF4B-00C04F79EFBC}") = "NetCoreAI.Project02_APIConsumeUI", "NetCoreAI.Project02_APIConsumeUI\NetCoreAI.Project02_APIConsumeUI.csproj", "{1D27A23A-C4A6-43D6-8B72-4E846579ED8D}"
EndProject
Project("{FAE04EC0-301F-11D3-BF4B-00C04F79EFBC}") = "NetCoreAI.Project03_RapidAPI", "NetCoreAI.Project03_RapidAPI\NetCoreAI.Project03_RapidAPI.csproj", "{2115FBB1-D2B8-4D3A-9DC9-A4D83CC543F2}"
EndProject
Project("{FAE04EC0-301F-11D3-BF4B-00C04F79EFBC}") = "NetCoreAI.Project04_OpenAIChat", "NetCoreAI.Project04_OpenAIChat\NetCoreAI.Project04_OpenAIChat.csproj", "{B61A30FC-58FF-4034-A308-4139A15552F7}"
EndProject
Project("{FAE04EC0-301F-11D3-BF4B-00C04F79EFBC}") = "NetCoreAI.Project05_OpenWhisperAudioTranscript", "NetCoreAI.Project05_OpenWhisperAudioTranscript\NetCoreAI.Project05_OpenWhisperAudioTranscript.csproj", "{2C3ABE44-F1DF-4233-8E8D-AC66F95A07F1}"
EndProject
Project("{FAE04EC0-301F-11D3-BF4B-00C04F79EFBC}") = "NetCoreAI.Project06_DallEImageGeneration", "NetCoreAI.Project06_DallEImageGeneration\NetCoreAI.Project06_DallEImageGeneration.csproj", "{036BEE6F-B881-4CEE-B9FA-79F938956CF6}"
EndProject
Project("{FAE04EC0-301F-11D3-BF4B-00C04F79EFBC}") = "NetCoreAI.Project07_TesseractOcr", "NetCoreAI.Project07_TesseractOcr\NetCoreAI.Project07_TesseractOcr.csproj", "{477BD269-D673-456C-B21E-12D8D749E410}"
EndProject
Project("{FAE04EC0-301F-11D3-BF4B-00C04F79EFBC}") = "NetCoreAI.Project08_GoogleCloudVision", "NetCoreAI.Project08_GoogleCloudVision\NetCoreAI.Project08_GoogleCloudVision.csproj", "{8770CA77-CAB6-4441-8BE3-E3B1CE3BFB90}"
EndProject
Project("{FAE04EC0-301F-11D3-BF4B-00C04F79EFBC}") = "NetCoreAI.Project09_OpenAITranslate", "NetCoreAI.Project09_OpenAITranslate\NetCoreAI.Project09_OpenAITranslate.csproj", "{314CB0D2-5126-49FB-9B8B-282D2A511D69}"
EndProject
Project("{FAE04EC0-301F-11D3-BF4B-00C04F79EFBC}") = "NetCoreAI.Project10_TextToSpeech", "NetCoreAI.Project10_TextToSpeech\NetCoreAI.Project10_TextToSpeech.csproj", "{5187ABEF-27A9-474B-A178-06684CA8E385}"
EndProject
Global
	GlobalSection(SolutionConfigurationPlatforms) = preSolution
		Debug|Any CPU = Debug|Any CPU
		Release|Any CPU = Release|Any CPU
	EndGlobalSection
	GlobalSection(ProjectConfigurationPlatforms) = postSolution
		{56CFD42E-E256-4DF4-83A5-3E6EE2C6BAC8}.Debug|Any CPU.ActiveCfg = Debug|Any CPU
		{56CFD42E-E256-4DF4-83A5-3E6EE2C6BAC8}.Debug|Any CPU.Build.0 = Debug|Any CPU
		{56CFD42E-E256-4DF4-83A5-3E6EE2C6BAC8}.Release|Any CPU.ActiveCfg = Release|Any CPU
		{56CFD42E-E256-4DF4-83A5-3E6EE2C6BAC8}.Release|Any CPU.Build.0 = Release|Any CPU
		{1D27A23A-C4A6-43D6-8B72-4E846579ED8D}.Debug|Any CPU.ActiveCfg = Debug|Any CPU
		{1D27A23A-C4A6-43D6-8B72-4E846579ED8D}.Debug|Any CPU.Build.0 = Debug|Any CPU
		{1D27A23A-C4A6-43D6-8B72-4E846579ED8D}.Release|Any CPU.ActiveCfg = Release|Any CPU
		{1D27A23A-C4A6-43D6-8B72-4E846579ED8D}.Release|Any CPU.Build.0 = Release|Any CPU
		{2115FBB1-D2B8-4D3A-9DC9-A4D83CC543F2}.Debug|Any CPU.ActiveCfg = Debug|Any CPU
		{2115FBB1-D2B8-4D3A-9DC9-A4D83CC543F2}.Debug|Any CPU.Build.0 = Debug|Any CPU
		{2115FBB1-D2B8-4D3A-9DC9-A4D83CC543F2}.Release|Any CPU.ActiveCfg = Release|Any CPU
		{2115FBB1-D2B8-4D3A-9DC9-A4D83CC543F2}.Release|Any CPU.Build.0 = Release|Any CPU
		{B61A30FC-58FF-4034-A308-4139A15552F7}.Debug|Any CPU.ActiveCfg = Debug|Any CPU
		{B61A30FC-58FF-4034-A308-4139A15552F7}.Debug|Any CPU.Build.0 = Debug|Any CPU
		{B61A30FC-58FF-4034-A308-4139A15552F7}.Release|Any CPU.ActiveCfg = Release|Any CPU
		{B61A30FC-58FF-4034-A308-4139A15552F7}.Release|Any CPU.Build.0 = Release|Any CPU
		{2C3ABE44-F1DF-4233-8E8D-AC66F95A07F1}.Debug|Any CPU.ActiveCfg = Debug|Any CPU
		{2C3ABE44-F1DF-4233-8E8D-AC66F95A07F1}.Debug|Any CPU.Build.0 = Debug|Any CPU
		{2C3ABE44-F1DF-4233-8E8D-AC66F95A07F1}.Release|Any CPU.ActiveCfg = Release|Any CPU
		{2C3ABE44-F1DF-4233-8E8D-AC66F95A07F1}.Release|Any CPU.Build.0 = Release|Any CPU
		{036BEE6F-B881-4CEE-B9FA-79F938956CF6}.Debug|Any CPU.ActiveCfg = Debug|Any CPU
		{036BEE6F-B881-4CEE-B9FA-79F938956CF6}.Debug|Any CPU.Build.0 = Debug|Any CPU
		{036BEE6F-B881-4CEE-B9FA-79F938956CF6}.Release|Any CPU.ActiveCfg = Release|Any CPU
		{036BEE6F-B881-4CEE-B9FA-79F938956CF6}.Release|Any CPU.Build.0 = Release|Any CPU
		{477BD269-D673-456C-B21E-12D8D749E410}.Debug|Any CPU.ActiveCfg = Debug|Any CPU
		{477BD269-D673-456C-B21E-12D8D749E410}.Debug|Any CPU.Build.0 = Debug|Any CPU
		{477BD269-D673-456C-B21E-12D8D749E410}.Release|Any CPU.ActiveCfg = Release|Any CPU
		{477BD269-D673-456C-B21E-12D8D749E410}.Release|Any CPU.Build.0 = Release|Any CPU
		{8770CA77-CAB6-4441-8BE3-E3B1CE3BFB90}.Debug|Any CPU.ActiveCfg = Debug|Any CPU
		{8770CA77-CAB6-4441-8BE3-E3B1CE3BFB90}.Debug|Any CPU.Build.0 = Debug|Any CPU
		{8770CA77-CAB6-4441-8BE3-E3B1CE3BFB90}.Release|Any CPU.ActiveCfg = Release|Any CPU
		{8770CA77-CAB6-4441-8BE3-E3B1CE3BFB90}.Release|Any CPU.Build.0 = Release|Any CPU
		{314CB0D2-5126-49FB-9B8B-282D2A511D69}.Debug|Any CPU.ActiveCfg = Debug|Any CPU
		{314CB0D2-5126-49FB-9B8B-282D2A511D69}.Debug|Any CPU.Build.0 = Debug|Any CPU
		{314CB0D2-5126-49FB-9B8B-282D2A511D69}.Release|Any CPU.ActiveCfg = Release|Any CPU
		{314CB0D2-5126-49FB-9B8B-282D2A511D69}.Release|Any CPU.Build.0 = Release|Any CPU
		{5187ABEF-27A9-474B-A178-06684CA8E385}.Debug|Any CPU.ActiveCfg = Debug|Any CPU
		{5187ABEF-27A9-474B-A178-06684CA8E385}.Debug|Any CPU.Build.0 = Debug|Any CPU
		{5187ABEF-27A9-474B-A178-06684CA8E385}.Release|Any CPU.ActiveCfg = Release|Any CPU
		{5187ABEF-27A9-474B-A178-06684CA8E385}.Release|Any CPU.Build.0 = Release|Any CPU
	EndGlobalSection
	GlobalSection(SolutionProperties) = preSolution
		HideSolutionNode = FALSE
	EndGlobalSection
EndGlobal
